
Microsoft Visual Studio Solution File, Format Version 12.00
# Visual Studio Version 16
VisualStudioVersion = 16.0.29820.132
MinimumVisualStudioVersion = 10.0.40219.1
Project("{9A19103F-16F7-4668-BE54-9A1E7A4F7556}") = "QuadraticEquation", "Test\QuadraticEquation.csproj", "{A0EC29DC-2556-4157-B0B2-B4003A2C5769}"
EndProject
Global
	GlobalSection(SolutionConfigurationPlatforms) = preSolution
		Debug|Any CPU = Debug|Any CPU
		Release|Any CPU = Release|Any CPU
	EndGlobalSection
	GlobalSection(ProjectConfigurationPlatforms) = postSolution
		{A0EC29DC-2556-4157-B0B2-B4003A2C5769}.Debug|Any CPU.ActiveCfg = Debug|Any CPU
		{A0EC29DC-2556-4157-B0B2-B4003A2C5769}.Debug|Any CPU.Build.0 = Debug|Any CPU
		{A0EC29DC-2556-4157-B0B2-B4003A2C5769}.Release|Any CPU.ActiveCfg = Release|Any CPU
		{A0EC29DC-2556-4157-B0B2-B4003A2C5769}.Release|Any CPU.Build.0 = Release|Any CPU
	EndGlobalSection
	GlobalSection(SolutionProperties) = preSolution
		HideSolutionNode = FALSE
	EndGlobalSection
	GlobalSection(ExtensibilityGlobals) = postSolution
		SolutionGuid = {A70E791B-7046-4762-9EF5-A0989A8B78DF}
	EndGlobalSection
EndGlobal
